
Microsoft Visual Studio Solution File, Format Version 12.00
# Visual Studio Version 17
VisualStudioVersion = 17.9.34728.123
MinimumVisualStudioVersion = 10.0.40219.1
Project("{9A19103F-16F7-4668-BE54-9A1E7A4F7556}") = "DatabaseApp.Tests", "DatabaseApp.Tests\DatabaseApp.Tests.csproj", "{CB72059C-E46F-4A05-B224-D5C76A29F4A1}"
EndProject
Project("{9A19103F-16F7-4668-BE54-9A1E7A4F7556}") = "DatabaseApp", "DatabaseApp\DatabaseApp.csproj", "{B0006806-EEFE-4840-B35A-9BE0B541CA9F}"
EndProject
Global
	GlobalSection(SolutionConfigurationPlatforms) = preSolution
		Debug|Any CPU = Debug|Any CPU
		Release|Any CPU = Release|Any CPU
	EndGlobalSection
	GlobalSection(ProjectConfigurationPlatforms) = postSolution
		{CB72059C-E46F-4A05-B224-D5C76A29F4A1}.Debug|Any CPU.ActiveCfg = Debug|Any CPU
		{CB72059C-E46F-4A05-B224-D5C76A29F4A1}.Debug|Any CPU.Build.0 = Debug|Any CPU
		{CB72059C-E46F-4A05-B224-D5C76A29F4A1}.Release|Any CPU.ActiveCfg = Release|Any CPU
		{CB72059C-E46F-4A05-B224-D5C76A29F4A1}.Release|Any CPU.Build.0 = Release|Any CPU
		{B0006806-EEFE-4840-B35A-9BE0B541CA9F}.Debug|Any CPU.ActiveCfg = Debug|Any CPU
		{B0006806-EEFE-4840-B35A-9BE0B541CA9F}.Debug|Any CPU.Build.0 = Debug|Any CPU
		{B0006806-EEFE-4840-B35A-9BE0B541CA9F}.Debug|Any CPU.Deploy.0 = Debug|Any CPU
		{B0006806-EEFE-4840-B35A-9BE0B541CA9F}.Release|Any CPU.ActiveCfg = Release|Any CPU
		{B0006806-EEFE-4840-B35A-9BE0B541CA9F}.Release|Any CPU.Build.0 = Release|Any CPU
		{B0006806-EEFE-4840-B35A-9BE0B541CA9F}.Release|Any CPU.Deploy.0 = Release|Any CPU
	EndGlobalSection
	GlobalSection(SolutionProperties) = preSolution
		HideSolutionNode = FALSE
	EndGlobalSection
	GlobalSection(ExtensibilityGlobals) = postSolution
		SolutionGuid = {E23FCCE4-34EC-4662-87F8-13CF0CDFFCC6}
	EndGlobalSection
EndGlobal
